
Microsoft Visual Studio Solution File, Format Version 12.00
# Visual Studio Version 16
VisualStudioVersion = 16.0.29911.84
MinimumVisualStudioVersion = 10.0.40219.1
Project("{9A19103F-16F7-4668-BE54-9A1E7A4F7556}") = "BackingUpConsole", "BackingUpConsole\BackingUpConsole.csproj", "{0F02B861-23AF-4A05-8EEB-A2E0F4803BCE}"
EndProject
Project("{FAE04EC0-301F-11D3-BF4B-00C04F79EFBC}") = "Compression", "Compression\Compression.csproj", "{DD5924B7-5C99-40AC-B2B3-F4AC71B74768}"
EndProject
Global
	GlobalSection(SolutionConfigurationPlatforms) = preSolution
		Debug|Any CPU = Debug|Any CPU
		Release|Any CPU = Release|Any CPU
	EndGlobalSection
	GlobalSection(ProjectConfigurationPlatforms) = postSolution
		{0F02B861-23AF-4A05-8EEB-A2E0F4803BCE}.Debug|Any CPU.ActiveCfg = Debug|Any CPU
		{0F02B861-23AF-4A05-8EEB-A2E0F4803BCE}.Debug|Any CPU.Build.0 = Debug|Any CPU
		{0F02B861-23AF-4A05-8EEB-A2E0F4803BCE}.Release|Any CPU.ActiveCfg = Release|Any CPU
		{0F02B861-23AF-4A05-8EEB-A2E0F4803BCE}.Release|Any CPU.Build.0 = Release|Any CPU
		{DD5924B7-5C99-40AC-B2B3-F4AC71B74768}.Debug|Any CPU.ActiveCfg = Debug|Any CPU
		{DD5924B7-5C99-40AC-B2B3-F4AC71B74768}.Debug|Any CPU.Build.0 = Debug|Any CPU
		{DD5924B7-5C99-40AC-B2B3-F4AC71B74768}.Release|Any CPU.ActiveCfg = Release|Any CPU
		{DD5924B7-5C99-40AC-B2B3-F4AC71B74768}.Release|Any CPU.Build.0 = Release|Any CPU
	EndGlobalSection
	GlobalSection(SolutionProperties) = preSolution
		HideSolutionNode = FALSE
	EndGlobalSection
	GlobalSection(ExtensibilityGlobals) = postSolution
		SolutionGuid = {CE629BD9-DDEE-4A06-B0EB-EDA39FD89971}
	EndGlobalSection
EndGlobal
